// !$*UTF8*$!
{
	archiveVersion = 1;
	classes = {
	};
	objectVersion = 56;
	objects = {

/* Begin PBXBuildFile section */
		4A9555ED2C2169E900E616C4 /* DatabaseManager.swift in Sources */ = {isa = PBXBuildFile; fileRef = 4A9555EC2C2169E900E616C4 /* DatabaseManager.swift */; };
		4A9555F02C216BB000E616C4 /* Localizable.strings in Resources */ = {isa = PBXBuildFile; fileRef = 4A9555EE2C216BB000E616C4 /* Localizable.strings */; };
		F56D60222C1E121300AAF1D7 /* StringLoaderExampleApp.swift in Sources */ = {isa = PBXBuildFile; fileRef = F56D60212C1E121300AAF1D7 /* StringLoaderExampleApp.swift */; };
		F56D60242C1E121300AAF1D7 /* ContentView.swift in Sources */ = {isa = PBXBuildFile; fileRef = F56D60232C1E121300AAF1D7 /* ContentView.swift */; };
		F56D60262C1E121600AAF1D7 /* Assets.xcassets in Resources */ = {isa = PBXBuildFile; fileRef = F56D60252C1E121600AAF1D7 /* Assets.xcassets */; };
		F56D60292C1E121600AAF1D7 /* Preview Assets.xcassets in Resources */ = {isa = PBXBuildFile; fileRef = F56D60282C1E121600AAF1D7 /* Preview Assets.xcassets */; };
		F56D602B2C1E121600AAF1D7 /* Persistence.swift in Sources */ = {isa = PBXBuildFile; fileRef = F56D602A2C1E121600AAF1D7 /* Persistence.swift */; };
		F56D602E2C1E121600AAF1D7 /* StringLoaderExample.xcdatamodeld in Sources */ = {isa = PBXBuildFile; fileRef = F56D602C2C1E121600AAF1D7 /* StringLoaderExample.xcdatamodeld */; };
/* End PBXBuildFile section */

/* Begin PBXFileReference section */
		4A9555EC2C2169E900E616C4 /* DatabaseManager.swift */ = {isa = PBXFileReference; lastKnownFileType = sourcecode.swift; path = DatabaseManager.swift; sourceTree = "<group>"; };
		4A9555EF2C216BB000E616C4 /* en */ = {isa = PBXFileReference; lastKnownFileType = text.plist.strings; name = en; path = en.lproj/Localizable.strings; sourceTree = "<group>"; };
		F56D601E2C1E121300AAF1D7 /* StringLoaderExample.app */ = {isa = PBXFileReference; explicitFileType = wrapper.application; includeInIndex = 0; path = StringLoaderExample.app; sourceTree = BUILT_PRODUCTS_DIR; };
		F56D60212C1E121300AAF1D7 /* StringLoaderExampleApp.swift */ = {isa = PBXFileReference; lastKnownFileType = sourcecode.swift; path = StringLoaderExampleApp.swift; sourceTree = "<group>"; };
		F56D60232C1E121300AAF1D7 /* ContentView.swift */ = {isa = PBXFileReference; lastKnownFileType = sourcecode.swift; path = ContentView.swift; sourceTree = "<group>"; };
		F56D60252C1E121600AAF1D7 /* Assets.xcassets */ = {isa = PBXFileReference; lastKnownFileType = folder.assetcatalog; path = Assets.xcassets; sourceTree = "<group>"; };
		F56D60282C1E121600AAF1D7 /* Preview Assets.xcassets */ = {isa = PBXFileReference; lastKnownFileType = folder.assetcatalog; path = "Preview Assets.xcassets"; sourceTree = "<group>"; };
		F56D602A2C1E121600AAF1D7 /* Persistence.swift */ = {isa = PBXFileReference; lastKnownFileType = sourcecode.swift; path = Persistence.swift; sourceTree = "<group>"; };
		F56D602D2C1E121600AAF1D7 /* StringLoaderExample.xcdatamodel */ = {isa = PBXFileReference; lastKnownFileType = wrapper.xcdatamodel; path = StringLoaderExample.xcdatamodel; sourceTree = "<group>"; };
/* End PBXFileReference section */

/* Begin PBXFrameworksBuildPhase section */
		F56D601B2C1E121300AAF1D7 /* Frameworks */ = {
			isa = PBXFrameworksBuildPhase;
			buildActionMask = 2147483647;
			files = (
			);
			runOnlyForDeploymentPostprocessing = 0;
		};
/* End PBXFrameworksBuildPhase section */

/* Begin PBXGroup section */
		F56D60152C1E121300AAF1D7 = {
			isa = PBXGroup;
			children = (
				4A9555EE2C216BB000E616C4 /* Localizable.strings */,
				F56D60202C1E121300AAF1D7 /* StringLoaderExample */,
				F56D601F2C1E121300AAF1D7 /* Products */,
			);
			sourceTree = "<group>";
		};
		F56D601F2C1E121300AAF1D7 /* Products */ = {
			isa = PBXGroup;
			children = (
				F56D601E2C1E121300AAF1D7 /* StringLoaderExample.app */,
			);
			name = Products;
			sourceTree = "<group>";
		};
		F56D60202C1E121300AAF1D7 /* StringLoaderExample */ = {
			isa = PBXGroup;
			children = (
				F56D60212C1E121300AAF1D7 /* StringLoaderExampleApp.swift */,
				F56D60232C1E121300AAF1D7 /* ContentView.swift */,
				F56D60252C1E121600AAF1D7 /* Assets.xcassets */,
				F56D602A2C1E121600AAF1D7 /* Persistence.swift */,
				F56D602C2C1E121600AAF1D7 /* StringLoaderExample.xcdatamodeld */,
				F56D60272C1E121600AAF1D7 /* Preview Content */,
				4A9555EC2C2169E900E616C4 /* DatabaseManager.swift */,
			);
			path = StringLoaderExample;
			sourceTree = "<group>";
		};
		F56D60272C1E121600AAF1D7 /* Preview Content */ = {
			isa = PBXGroup;
			children = (
				F56D60282C1E121600AAF1D7 /* Preview Assets.xcassets */,
			);
			path = "Preview Content";
			sourceTree = "<group>";
		};
/* End PBXGroup section */

/* Begin PBXNativeTarget section */
		F56D601D2C1E121300AAF1D7 /* StringLoaderExample */ = {
			isa = PBXNativeTarget;
			buildConfigurationList = F56D60312C1E121600AAF1D7 /* Build configuration list for PBXNativeTarget "StringLoaderExample" */;
			buildPhases = (
				F56D601A2C1E121300AAF1D7 /* Sources */,
				F56D601B2C1E121300AAF1D7 /* Frameworks */,
				F56D601C2C1E121300AAF1D7 /* Resources */,
			);
			buildRules = (
			);
			dependencies = (
			);
			name = StringLoaderExample;
			productName = StringLoaderExample;
			productReference = F56D601E2C1E121300AAF1D7 /* StringLoaderExample.app */;
			productType = "com.apple.product-type.application";
		};
/* End PBXNativeTarget section */

/* Begin PBXProject section */
		F56D60162C1E121300AAF1D7 /* Project object */ = {
			isa = PBXProject;
			attributes = {
				BuildIndependentTargetsInParallel = 1;
				LastSwiftUpdateCheck = 1540;
				LastUpgradeCheck = 1540;
				TargetAttributes = {
					F56D601D2C1E121300AAF1D7 = {
						CreatedOnToolsVersion = 15.4;
					};
				};
			};
			buildConfigurationList = F56D60192C1E121300AAF1D7 /* Build configuration list for PBXProject "StringLoaderExample" */;
			compatibilityVersion = "Xcode 14.0";
			developmentRegion = en;
			hasScannedForEncodings = 0;
			knownRegions = (
				en,
				Base,
			);
			mainGroup = F56D60152C1E121300AAF1D7;
			productRefGroup = F56D601F2C1E121300AAF1D7 /* Products */;
			projectDirPath = "";
			projectRoot = "";
			targets = (
				F56D601D2C1E121300AAF1D7 /* StringLoaderExample */,
			);
		};
/* End PBXProject section */

/* Begin PBXResourcesBuildPhase section */
		F56D601C2C1E121300AAF1D7 /* Resources */ = {
			isa = PBXResourcesBuildPhase;
			buildActionMask = 2147483647;
			files = (
				F56D60292C1E121600AAF1D7 /* Preview Assets.xcassets in Resources */,
				4A9555F02C216BB000E616C4 /* Localizable.strings in Resources */,
				F56D60262C1E121600AAF1D7 /* Assets.xcassets in Resources */,
			);
			runOnlyForDeploymentPostprocessing = 0;
		};
/* End PBXResourcesBuildPhase section */

/* Begin PBXSourcesBuildPhase section */
		F56D601A2C1E121300AAF1D7 /* Sources */ = {
			isa = PBXSourcesBuildPhase;
			buildActionMask = 2147483647;
			files = (
				F56D602E2C1E121600AAF1D7 /* StringLoaderExample.xcdatamodeld in Sources */,
				F56D602B2C1E121600AAF1D7 /* Persistence.swift in Sources */,
				4A9555ED2C2169E900E616C4 /* DatabaseManager.swift in Sources */,
				F56D60242C1E121300AAF1D7 /* ContentView.swift in Sources */,
				F56D60222C1E121300AAF1D7 /* StringLoaderExampleApp.swift in Sources */,
			);
			runOnlyForDeploymentPostprocessing = 0;
		};
/* End PBXSourcesBuildPhase section */

/* Begin PBXVariantGroup section */
		4A9555EE2C216BB000E616C4 /* Localizable.strings */ = {
			isa = PBXVariantGroup;
			children = (
				4A9555EF2C216BB000E616C4 /* en */,
			);
			name = Localizable.strings;
			sourceTree = "<group>";
		};
/* End PBXVariantGroup section */

/* Begin XCBuildConfiguration section */
		F56D602F2C1E121600AAF1D7 /* Debug */ = {
			isa = XCBuildConfiguration;
			buildSettings = {
				ALWAYS_SEARCH_USER_PATHS = NO;
				ASSETCATALOG_COMPILER_GENERATE_SWIFT_ASSET_SYMBOL_EXTENSIONS = YES;
				CLANG_ANALYZER_NONNULL = YES;
				CLANG_ANALYZER_NUMBER_OBJECT_CONVERSION = YES_AGGRESSIVE;
				CLANG_CXX_LANGUAGE_STANDARD = "gnu++20";
				CLANG_ENABLE_MODULES = YES;
				CLANG_ENABLE_OBJC_ARC = YES;
				CLANG_ENABLE_OBJC_WEAK = YES;
				CLANG_WARN_BLOCK_CAPTURE_AUTORELEASING = YES;
				CLANG_WARN_BOOL_CONVERSION = YES;
				CLANG_WARN_COMMA = YES;
				CLANG_WARN_CONSTANT_CONVERSION = YES;
				CLANG_WARN_DEPRECATED_OBJC_IMPLEMENTATIONS = YES;
				CLANG_WARN_DIRECT_OBJC_ISA_USAGE = YES_ERROR;
				CLANG_WARN_DOCUMENTATION_COMMENTS = YES;
				CLANG_WARN_EMPTY_BODY = YES;
				CLANG_WARN_ENUM_CONVERSION = YES;
				CLANG_WARN_INFINITE_RECURSION = YES;
				CLANG_WARN_INT_CONVERSION = YES;
				CLANG_WARN_NON_LITERAL_NULL_CONVERSION = YES;
				CLANG_WARN_OBJC_IMPLICIT_RETAIN_SELF = YES;
				CLANG_WARN_OBJC_LITERAL_CONVERSION = YES;
				CLANG_WARN_OBJC_ROOT_CLASS = YES_ERROR;
				CLANG_WARN_QUOTED_INCLUDE_IN_FRAMEWORK_HEADER = YES;
				CLANG_WARN_RANGE_LOOP_ANALYSIS = YES;
				CLANG_WARN_STRICT_PROTOTYPES = YES;
				CLANG_WARN_SUSPICIOUS_MOVE = YES;
				CLANG_WARN_UNGUARDED_AVAILABILITY = YES_AGGRESSIVE;
				CLANG_WARN_UNREACHABLE_CODE = YES;
				CLANG_WARN__DUPLICATE_METHOD_MATCH = YES;
				COPY_PHASE_STRIP = NO;
				DEBUG_INFORMATION_FORMAT = dwarf;
				ENABLE_STRICT_OBJC_MSGSEND = YES;
				ENABLE_TESTABILITY = YES;
				ENABLE_USER_SCRIPT_SANDBOXING = YES;
				GCC_C_LANGUAGE_STANDARD = gnu17;
				GCC_DYNAMIC_NO_PIC = NO;
				GCC_NO_COMMON_BLOCKS = YES;
				GCC_OPTIMIZATION_LEVEL = 0;
				GCC_PREPROCESSOR_DEFINITIONS = (
					"DEBUG=1",
					"$(inherited)",
				);
				GCC_WARN_64_TO_32_BIT_CONVERSION = YES;
				GCC_WARN_ABOUT_RETURN_TYPE = YES_ERROR;
				GCC_WARN_UNDECLARED_SELECTOR = YES;
				GCC_WARN_UNINITIALIZED_AUTOS = YES_AGGRESSIVE;
				GCC_WARN_UNUSED_FUNCTION = YES;
				GCC_WARN_UNUSED_VARIABLE = YES;
				IPHONEOS_DEPLOYMENT_TARGET = 17.5;
				LOCALIZATION_PREFERS_STRING_CATALOGS = YES;
				MTL_ENABLE_DEBUG_INFO = INCLUDE_SOURCE;
				MTL_FAST_MATH = YES;
				ONLY_ACTIVE_ARCH = YES;
				SDKROOT = iphoneos;
				SWIFT_ACTIVE_COMPILATION_CONDITIONS = "DEBUG $(inherited)";
				SWIFT_OPTIMIZATION_LEVEL = "-Onone";
			};
			name = Debug;
		};
		F56D60302C1E121600AAF1D7 /* Release */ = {
			isa = XCBuildConfiguration;
			buildSettings = {
				ALWAYS_SEARCH_USER_PATHS = NO;
				ASSETCATALOG_COMPILER_GENERATE_SWIFT_ASSET_SYMBOL_EXTENSIONS = YES;
				CLANG_ANALYZER_NONNULL = YES;
				CLANG_ANALYZER_NUMBER_OBJECT_CONVERSION = YES_AGGRESSIVE;
				CLANG_CXX_LANGUAGE_STANDARD = "gnu++20";
				CLANG_ENABLE_MODULES = YES;
				CLANG_ENABLE_OBJC_ARC = YES;
				CLANG_ENABLE_OBJC_WEAK = YES;
				CLANG_WARN_BLOCK_CAPTURE_AUTORELEASING = YES;
				CLANG_WARN_BOOL_CONVERSION = YES;
				CLANG_WARN_COMMA = YES;
				CLANG_WARN_CONSTANT_CONVERSION = YES;
				CLANG_WARN_DEPRECATED_OBJC_IMPLEMENTATIONS = YES;
				CLANG_WARN_DIRECT_OBJC_ISA_USAGE = YES_ERROR;
				CLANG_WARN_DOCUMENTATION_COMMENTS = YES;
				CLANG_WARN_EMPTY_BODY = YES;
				CLANG_WARN_ENUM_CONVERSION = YES;
				CLANG_WARN_INFINITE_RECURSION = YES;
				CLANG_WARN_INT_CONVERSION = YES;
				CLANG_WARN_NON_LITERAL_NULL_CONVERSION = YES;
				CLANG_WARN_OBJC_IMPLICIT_RETAIN_SELF = YES;
				CLANG_WARN_OBJC_LITERAL_CONVERSION = YES;
				CLANG_WARN_OBJC_ROOT_CLASS = YES_ERROR;
				CLANG_WARN_QUOTED_INCLUDE_IN_FRAMEWORK_HEADER = YES;
				CLANG_WARN_RANGE_LOOP_ANALYSIS = YES;
				CLANG_WARN_STRICT_PROTOTYPES = YES;
				CLANG_WARN_SUSPICIOUS_MOVE = YES;
				CLANG_WARN_UNGUARDED_AVAILABILITY = YES_AGGRESSIVE;
				CLANG_WARN_UNREACHABLE_CODE = YES;
				CLANG_WARN__DUPLICATE_METHOD_MATCH = YES;
				COPY_PHASE_STRIP = NO;
				DEBUG_INFORMATION_FORMAT = "dwarf-with-dsym";
				ENABLE_NS_ASSERTIONS = NO;
				ENABLE_STRICT_OBJC_MSGSEND = YES;
				ENABLE_USER_SCRIPT_SANDBOXING = YES;
				GCC_C_LANGUAGE_STANDARD = gnu17;
				GCC_NO_COMMON_BLOCKS = YES;
				GCC_WARN_64_TO_32_BIT_CONVERSION = YES;
				GCC_WARN_ABOUT_RETURN_TYPE = YES_ERROR;
				GCC_WARN_UNDECLARED_SELECTOR = YES;
				GCC_WARN_UNINITIALIZED_AUTOS = YES_AGGRESSIVE;
				GCC_WARN_UNUSED_FUNCTION = YES;
				GCC_WARN_UNUSED_VARIABLE = YES;
				IPHONEOS_DEPLOYMENT_TARGET = 17.5;
				LOCALIZATION_PREFERS_STRING_CATALOGS = YES;
				MTL_ENABLE_DEBUG_INFO = NO;
				MTL_FAST_MATH = YES;
				SDKROOT = iphoneos;
				SWIFT_COMPILATION_MODE = wholemodule;
				VALIDATE_PRODUCT = YES;
			};
			name = Release;
		};
		F56D60322C1E121600AAF1D7 /* Debug */ = {
			isa = XCBuildConfiguration;
			buildSettings = {
				ASSETCATALOG_COMPILER_APPICON_NAME = AppIcon;
				ASSETCATALOG_COMPILER_GLOBAL_ACCENT_COLOR_NAME = AccentColor;
				CODE_SIGN_STYLE = Automatic;
				CURRENT_PROJECT_VERSION = 1;
				DEVELOPMENT_ASSET_PATHS = "\"StringLoaderExample/Preview Content\"";
				DEVELOPMENT_TEAM = 72B4ASD893;
				ENABLE_PREVIEWS = YES;
				GENERATE_INFOPLIST_FILE = YES;
				INFOPLIST_KEY_UIApplicationSceneManifest_Generation = YES;
				INFOPLIST_KEY_UIApplicationSupportsIndirectInputEvents = YES;
				INFOPLIST_KEY_UILaunchScreen_Generation = YES;
				INFOPLIST_KEY_UISupportedInterfaceOrientations_iPad = "UIInterfaceOrientationPortrait UIInterfaceOrientationPortraitUpsideDown UIInterfaceOrientationLandscapeLeft UIInterfaceOrientationLandscapeRight";
				INFOPLIST_KEY_UISupportedInterfaceOrientations_iPhone = "UIInterfaceOrientationPortrait UIInterfaceOrientationLandscapeLeft UIInterfaceOrientationLandscapeRight";
				LD_RUNPATH_SEARCH_PATHS = (
					"$(inherited)",
					"@executable_path/Frameworks",
				);
				MARKETING_VERSION = 1.0;
				PRODUCT_BUNDLE_IDENTIFIER = id.rizkym.StringLoaderExample;
				PRODUCT_NAME = "$(TARGET_NAME)";
				SWIFT_EMIT_LOC_STRINGS = YES;
				SWIFT_VERSION = 5.0;
				TARGETED_DEVICE_FAMILY = "1,2";
			};
			name = Debug;
		};
		F56D60332C1E121600AAF1D7 /* Release */ = {
			isa = XCBuildConfiguration;
			buildSettings = {
				ASSETCATALOG_COMPILER_APPICON_NAME = AppIcon;
				ASSETCATALOG_COMPILER_GLOBAL_ACCENT_COLOR_NAME = AccentColor;
				CODE_SIGN_STYLE = Automatic;
				CURRENT_PROJECT_VERSION = 1;
				DEVELOPMENT_ASSET_PATHS = "\"StringLoaderExample/Preview Content\"";
				DEVELOPMENT_TEAM = 72B4ASD893;
				ENABLE_PREVIEWS = YES;
				GENERATE_INFOPLIST_FILE = YES;
				INFOPLIST_KEY_UIApplicationSceneManifest_Generation = YES;
				INFOPLIST_KEY_UIApplicationSupportsIndirectInputEvents = YES;
				INFOPLIST_KEY_UILaunchScreen_Generation = YES;
				INFOPLIST_KEY_UISupportedInterfaceOrientations_iPad = "UIInterfaceOrientationPortrait UIInterfaceOrientationPortraitUpsideDown UIInterfaceOrientationLandscapeLeft UIInterfaceOrientationLandscapeRight";
				INFOPLIST_KEY_UISupportedInterfaceOrientations_iPhone = "UIInterfaceOrientationPortrait UIInterfaceOrientationLandscapeLeft UIInterfaceOrientationLandscapeRight";
				LD_RUNPATH_SEARCH_PATHS = (
					"$(inherited)",
					"@executable_path/Frameworks",
				);
				MARKETING_VERSION = 1.0;
				PRODUCT_BUNDLE_IDENTIFIER = id.rizkym.StringLoaderExample;
				PRODUCT_NAME = "$(TARGET_NAME)";
				SWIFT_EMIT_LOC_STRINGS = YES;
				SWIFT_VERSION = 5.0;
				TARGETED_DEVICE_FAMILY = "1,2";
			};
			name = Release;
		};
/* End XCBuildConfiguration section */

/* Begin XCConfigurationList section */
		F56D60192C1E121300AAF1D7 /* Build configuration list for PBXProject "StringLoaderExample" */ = {
			isa = XCConfigurationList;
			buildConfigurations = (
				F56D602F2C1E121600AAF1D7 /* Debug */,
				F56D60302C1E121600AAF1D7 /* Release */,
			);
			defaultConfigurationIsVisible = 0;
			defaultConfigurationName = Release;
		};
		F56D60312C1E121600AAF1D7 /* Build configuration list for PBXNativeTarget "StringLoaderExample" */ = {
			isa = XCConfigurationList;
			buildConfigurations = (
				F56D60322C1E121600AAF1D7 /* Debug */,
				F56D60332C1E121600AAF1D7 /* Release */,
			);
			defaultConfigurationIsVisible = 0;
			defaultConfigurationName = Release;
		};
/* End XCConfigurationList section */

/* Begin XCVersionGroup section */
		F56D602C2C1E121600AAF1D7 /* StringLoaderExample.xcdatamodeld */ = {
			isa = XCVersionGroup;
			children = (
				F56D602D2C1E121600AAF1D7 /* StringLoaderExample.xcdatamodel */,
			);
			currentVersion = F56D602D2C1E121600AAF1D7 /* StringLoaderExample.xcdatamodel */;
			path = StringLoaderExample.xcdatamodeld;
			sourceTree = "<group>";
			versionGroupType = wrapper.xcdatamodel;
		};
/* End XCVersionGroup section */
	};
	rootObject = F56D60162C1E121300AAF1D7 /* Project object */;
}
